
Microsoft Visual Studio Solution File, Format Version 12.00
# Visual Studio Version 16
VisualStudioVersion = 16.0.30413.136
MinimumVisualStudioVersion = 10.0.40219.1
Project("{FAE04EC0-301F-11D3-BF4B-00C04F79EFBC}") = "Lr4", "Lr4\Lr4.csproj", "{DF3DF308-04C1-481A-A605-87503F5C2978}"
EndProject
Global
	GlobalSection(SolutionConfigurationPlatforms) = preSolution
		Debug|Any CPU = Debug|Any CPU
		Release|Any CPU = Release|Any CPU
	EndGlobalSection
	GlobalSection(ProjectConfigurationPlatforms) = postSolution
		{DF3DF308-04C1-481A-A605-87503F5C2978}.Debug|Any CPU.ActiveCfg = Debug|Any CPU
		{DF3DF308-04C1-481A-A605-87503F5C2978}.Debug|Any CPU.Build.0 = Debug|Any CPU
		{DF3DF308-04C1-481A-A605-87503F5C2978}.Release|Any CPU.ActiveCfg = Release|Any CPU
		{DF3DF308-04C1-481A-A605-87503F5C2978}.Release|Any CPU.Build.0 = Release|Any CPU
	EndGlobalSection
	GlobalSection(SolutionProperties) = preSolution
		HideSolutionNode = FALSE
	EndGlobalSection
	GlobalSection(ExtensibilityGlobals) = postSolution
		SolutionGuid = {3846CA2E-3F97-4ACF-9328-9A8BB15D7E97}
	EndGlobalSection
EndGlobal
